
Microsoft Visual Studio Solution File, Format Version 12.00
# Visual Studio Version 17
VisualStudioVersion = 17.9.34728.123
MinimumVisualStudioVersion = 10.0.40219.1
Project("{2150E333-8FDC-42A3-9474-1A3956D46DE8}") = "src", "src", "{DF34645C-6FD3-4787-A2E5-A7BCB706894C}"
EndProject
Project("{2150E333-8FDC-42A3-9474-1A3956D46DE8}") = "tests", "tests", "{54A7973B-AF51-4B50-8339-4D91E26304E4}"
EndProject
Project("{FAE04EC0-301F-11D3-BF4B-00C04F79EFBC}") = "Auctions.API", "src\Auctions.API\Auctions.API.csproj", "{04024F20-C1AF-4C91-BB9D-EA9A4287D49A}"
EndProject
Global
	GlobalSection(SolutionConfigurationPlatforms) = preSolution
		Debug|Any CPU = Debug|Any CPU
		Release|Any CPU = Release|Any CPU
	EndGlobalSection
	GlobalSection(ProjectConfigurationPlatforms) = postSolution
		{04024F20-C1AF-4C91-BB9D-EA9A4287D49A}.Debug|Any CPU.ActiveCfg = Debug|Any CPU
		{04024F20-C1AF-4C91-BB9D-EA9A4287D49A}.Debug|Any CPU.Build.0 = Debug|Any CPU
		{04024F20-C1AF-4C91-BB9D-EA9A4287D49A}.Release|Any CPU.ActiveCfg = Release|Any CPU
		{04024F20-C1AF-4C91-BB9D-EA9A4287D49A}.Release|Any CPU.Build.0 = Release|Any CPU
	EndGlobalSection
	GlobalSection(SolutionProperties) = preSolution
		HideSolutionNode = FALSE
	EndGlobalSection
	GlobalSection(NestedProjects) = preSolution
		{04024F20-C1AF-4C91-BB9D-EA9A4287D49A} = {DF34645C-6FD3-4787-A2E5-A7BCB706894C}
	EndGlobalSection
	GlobalSection(ExtensibilityGlobals) = postSolution
		SolutionGuid = {79C07567-2A12-4E50-A002-1D02D9579D52}
	EndGlobalSection
EndGlobal
